{"SurveyEntry":{"SurveyID":"SV_0GJVRHZKQkRnz70","SurveyName":"Expermientos de encuesta","SurveyDescription":null,"SurveyOwnerID":"UR_DNoWiQuFmzTX6tr","SurveyBrandID":"qfreeaccountssjc1","DivisionID":"DV_85JEoDyVrGAdPhj","SurveyLanguage":"EN","SurveyActiveResponseSet":"RS_cwpYQpa1nP9ILmS","SurveyStatus":"Active","SurveyStartDate":"0000-00-00 00:00:00","SurveyExpirationDate":"0000-00-00 00:00:00","SurveyCreationDate":"2023-11-20 05:24:49","CreatorID":"UR_DNoWiQuFmzTX6tr","LastModified":"2023-12-13 10:13:54","LastAccessed":"0000-00-00 00:00:00","LastActivated":"2023-11-20 06:13:40","Deleted":null},"SurveyElements":[{"SurveyID":"SV_0GJVRHZKQkRnz70","Element":"BL","PrimaryAttribute":"Survey Blocks","SecondaryAttribute":null,"TertiaryAttribute":null,"Payload":[{"Type":"Default","Description":"PARTIDO POL\u00cdTICO","ID":"BL_6ljGQZUbiTrEUES","BlockElements":[{"Type":"Question","QuestionID":"QID1"},{"Type":"Page Break"}]},{"Type":"Trash","Description":"Trash \/ Unused Questions","ID":"BL_cNEwIUPsOEnpSGG","BlockElements":[{"Type":"Question","QuestionID":"QID6"},{"Type":"Question","QuestionID":"QID7"},{"Type":"Question","QuestionID":"QID9"},{"Type":"Question","QuestionID":"QID3"},{"Type":"Question","QuestionID":"QID5"},{"Type":"Question","QuestionID":"QID14"},{"Type":"Question","QuestionID":"QID13"}]},{"Type":"Standard","SubType":"","Description":"Block 1","ID":"BL_a59rBum264vC6Hk","BlockElements":[{"Type":"Question","QuestionID":"QID2"},{"Type":"Question","QuestionID":"QID11"}],"Options":{"BlockLocking":"false","RandomizeQuestions":"false","BlockVisibility":"Expanded"}},{"Type":"Standard","SubType":"","Description":"Block 2","ID":"BL_01XX9EBbm12pnQG","BlockElements":[{"Type":"Question","QuestionID":"QID4"},{"Type":"Question","QuestionID":"QID12"}],"Options":{"BlockLocking":"false","RandomizeQuestions":"false","BlockVisibility":"Expanded"}},{"Type":"Standard","SubType":"","Description":"Manipulation check","ID":"BL_25nm8BJmI59kzTE","BlockElements":[{"Type":"Question","QuestionID":"QID8"}]},{"Type":"Standard","SubType":"","Description":"OUTCOME","ID":"BL_41s2B7aSIXs3NpY","BlockElements":[{"Type":"Question","QuestionID":"QID10"}]}]},{"SurveyID":"SV_0GJVRHZKQkRnz70","Element":"FL","PrimaryAttribute":"Survey Flow","SecondaryAttribute":null,"TertiaryAttribute":null,"Payload":{"Type":"Root","FlowID":"FL_1","Flow":[{"Type":"Block","ID":"BL_6ljGQZUbiTrEUES","FlowID":"FL_2","Autofill":[]},{"Type":"BlockRandomizer","FlowID":"FL_8","SubSet":1,"EvenPresentation":true,"Flow":[{"Type":"EmbeddedData","FlowID":"FL_9","EmbeddedData":[{"Description":"T","Type":"Custom","Field":"T","VariableType":"String","DataVisibility":[],"AnalyzeText":false,"Value":"0"}]},{"Type":"EmbeddedData","FlowID":"FL_10","EmbeddedData":[{"Description":"T","Type":"Custom","Field":"T","VariableType":"String","DataVisibility":[],"AnalyzeText":false,"Value":"1"}]}]},{"Type":"Branch","FlowID":"FL_4","Description":"New Branch","BranchLogic":{"0":{"0":{"LogicType":"EmbeddedField","LeftOperand":"T","Operator":"EqualTo","RightOperand":"1","_HiddenExpression":false,"Type":"Expression","Description":"<span class=\"ConjDesc\">If<\/span>  <span class=\"LeftOpDesc\">T<\/span> <span class=\"OpDesc\">Is Equal to<\/span> <span class=\"RightOpDesc\"> 1 <\/span>"},"Type":"If"},"Type":"BooleanExpression"},"Flow":[{"Type":"Standard","ID":"BL_a59rBum264vC6Hk","FlowID":"FL_3","Autofill":[]}]},{"Type":"Branch","FlowID":"FL_5","Description":"New Branch","BranchLogic":{"0":{"0":{"LogicType":"EmbeddedField","LeftOperand":"T","Operator":"EqualTo","RightOperand":"1","_HiddenExpression":false,"Type":"Expression","Description":"<span class=\"ConjDesc\">If<\/span>  <span class=\"LeftOpDesc\">T<\/span> <span class=\"OpDesc\">Is Equal to<\/span> <span class=\"RightOpDesc\"> 1 <\/span>"},"Type":"If"},"Type":"BooleanExpression"},"Flow":[{"Type":"Standard","ID":"BL_01XX9EBbm12pnQG","FlowID":"FL_7","Autofill":[]}]},{"Type":"Standard","ID":"BL_41s2B7aSIXs3NpY","FlowID":"FL_12","Autofill":[]},{"Type":"Standard","ID":"BL_25nm8BJmI59kzTE","FlowID":"FL_11","Autofill":[]}],"Properties":{"Count":17,"RemovedFieldsets":[]}}},{"SurveyID":"SV_0GJVRHZKQkRnz70","Element":"PL","PrimaryAttribute":"Preview Link","SecondaryAttribute":null,"TertiaryAttribute":null,"Payload":{"PreviewType":"Brand","PreviewID":"2183e555-efd2-46a7-b714-0e55aae65e4a"}},{"SurveyID":"SV_0GJVRHZKQkRnz70","Element":"SO","PrimaryAttribute":"Survey Options","SecondaryAttribute":null,"TertiaryAttribute":null,"Payload":{"BackButton":"false","SaveAndContinue":"true","SurveyProtection":"PublicSurvey","BallotBoxStuffingPrevention":"false","NoIndex":"Yes","SecureResponseFiles":"true","SurveyExpiration":"None","SurveyTermination":"DefaultMessage","Header":"","Footer":"","ProgressBarDisplay":"None","PartialData":"+1 week","ValidationMessage":"","PreviousButton":"","NextButton":"","SurveyTitle":"Qualtrics Survey | Qualtrics Experience Management","SkinLibrary":"Qualtrics","SkinType":"templated","Skin":{"brandingId":null,"templateId":"*base","overrides":null},"NewScoring":1,"SurveyMetaDescription":"The most powerful, simple and trusted way to gather experience data. Start your journey to experience management and try a free account today.","SurveyName":"Expermientos de encuesta","ProtectSelectionIds":true}},{"SurveyID":"SV_0GJVRHZKQkRnz70","Element":"SCO","PrimaryAttribute":"Scoring","SecondaryAttribute":null,"TertiaryAttribute":null,"Payload":{"ScoringCategories":[],"ScoringCategoryGroups":[],"ScoringSummaryCategory":null,"ScoringSummaryAfterQuestions":0,"ScoringSummaryAfterSurvey":0,"DefaultScoringCategory":null,"AutoScoringCategory":null}},{"SurveyID":"SV_0GJVRHZKQkRnz70","Element":"PROJ","PrimaryAttribute":"CORE","SecondaryAttribute":null,"TertiaryAttribute":"1.1.0","Payload":{"ProjectCategory":"CORE","SchemaVersion":"1.1.0"}},{"SurveyID":"SV_0GJVRHZKQkRnz70","Element":"STAT","PrimaryAttribute":"Survey Statistics","SecondaryAttribute":null,"TertiaryAttribute":null,"Payload":{"MobileCompatible":false,"ID":"Survey Statistics"}},{"SurveyID":"SV_0GJVRHZKQkRnz70","Element":"QC","PrimaryAttribute":"Survey Question Count","SecondaryAttribute":"14","TertiaryAttribute":null,"Payload":null},{"SurveyID":"SV_0GJVRHZKQkRnz70","Element":"SQ","PrimaryAttribute":"QID6","SecondaryAttribute":"Click to write the question text","TertiaryAttribute":null,"Payload":{"QuestionText":"Click to write the question text","DefaultChoices":false,"DataExportTag":"Q6","QuestionType":"Slider","Selector":"HSLIDER","Configuration":{"QuestionDescriptionOption":"UseText","CSSliderMin":0,"CSSliderMax":100,"GridLines":10,"SnapToGrid":false,"NumDecimals":"0","ShowValue":true,"CustomStart":false,"NotApplicable":false,"MobileFirst":true},"QuestionDescription":"Click to write the question text","Choices":{"1":{"Display":"Click to write Choice 1"},"2":{"Display":"Click to write Choice 2"},"3":{"Display":"Click to write Choice 3"}},"ChoiceOrder":["1","2","3"],"Validation":{"Settings":{"ForceResponse":"OFF","Type":"None"}},"GradingData":[],"Language":[],"NextChoiceId":4,"NextAnswerId":1,"Labels":[],"QuestionID":"QID6"}},{"SurveyID":"SV_0GJVRHZKQkRnz70","Element":"SQ","PrimaryAttribute":"QID7","SecondaryAttribute":"Click to write the question text","TertiaryAttribute":null,"Payload":{"QuestionText":"Click to write the question text","DefaultChoices":false,"DataExportTag":"Q7","QuestionType":"Matrix","Selector":"Likert","SubSelector":"SingleAnswer","Configuration":{"QuestionDescriptionOption":"UseText","TextPosition":"inline","ChoiceColumnWidth":25,"RepeatHeaders":"none","WhiteSpace":"OFF","MobileFirst":true},"QuestionDescription":"Click to write the question text","Choices":{"1":{"Display":"Click to write Statement 1"},"2":{"Display":"Click to write Statement 2"},"3":{"Display":"Click to write Statement 3"}},"ChoiceOrder":["1","2","3"],"Validation":{"Settings":{"ForceResponse":"OFF","Type":"None"}},"GradingData":[],"Language":[],"NextChoiceId":4,"NextAnswerId":4,"Answers":{"1":{"Display":"Click to write Scale Point 1"},"2":{"Display":"Click to write Scale Point 2"},"3":{"Display":"Click to write Scale Point 3"}},"AnswerOrder":["1","2","3"],"ChoiceDataExportTags":false,"QuestionID":"QID7"}},{"SurveyID":"SV_0GJVRHZKQkRnz70","Element":"SQ","PrimaryAttribute":"QID9","SecondaryAttribute":"Click to write the question text","TertiaryAttribute":null,"Payload":{"QuestionText":"Click to write the question text","DefaultChoices":false,"DataExportTag":"Q9","QuestionType":"TE","Selector":"FORM","Configuration":{"QuestionDescriptionOption":"UseText"},"QuestionDescription":"Click to write the question text","Choices":{"1":{"Display":"Click to write Choice 1"},"2":{"Display":"Click to write Choice 2"},"3":{"Display":"Click to write Choice 3"}},"ChoiceOrder":["1","2","3"],"Validation":{"Settings":{"ForceResponse":"OFF","Type":null}},"GradingData":[],"Language":[],"NextChoiceId":4,"NextAnswerId":1,"SearchSource":{"AllowFreeResponse":"false"},"QuestionID":"QID9"}},{"SurveyID":"SV_0GJVRHZKQkRnz70","Element":"RS","PrimaryAttribute":"RS_cwpYQpa1nP9ILmS","SecondaryAttribute":"Default Response Set","TertiaryAttribute":null,"Payload":null},{"SurveyID":"SV_0GJVRHZKQkRnz70","Element":"SQ","PrimaryAttribute":"QID8","SecondaryAttribute":"En una escala del 1 al 10 donde 1 es Nada probable y 10 Muy probable. \u00bfQu\u00e9 tan probable es que te.","TertiaryAttribute":null,"Payload":{"QuestionText":"En una escala del 1 al 10 donde 1 es Nada probable y 10 Muy probable. \u00bfQu\u00e9 tan probable es que tengas una pareja del siguiente grupo pol\u00edtico?","DefaultChoices":false,"DataExportTag":"Q8","QuestionType":"Slider","Selector":"HSLIDER","Configuration":{"QuestionDescriptionOption":"UseText","CSSliderMin":0,"CSSliderMax":10,"GridLines":10,"NumDecimals":"0","ShowValue":true,"CustomStart":true,"NotApplicable":false,"MobileFirst":true,"SnapToGrid":true,"SliderStartPositions":{"1":0.48441247002398080123697354792966507375240325927734375,"2":0.48441247002398080123697354792966507375240325927734375}},"QuestionDescription":"En una escala del 1 al 10 donde 1 es Nada probable y 10 Muy probable. \u00bfQu\u00e9 tan probable es que te...","Choices":{"1":{"Display":"Frente Amplio","DisplayLogic":{"0":{"0":{"ChoiceLocator":"q:\/\/QID1\/SelectableChoice\/2","Description":"<span class=\"ConjDesc\">If<\/span> <span class=\"QuestionDesc\">Si tuvieras que elegir un grupo pol\u00edtico con el que te identificas m\u00e1s, \u00bfCu\u00e1l de las siguientes d...<\/span> <span class=\"LeftOpDesc\">Coalici\u00f3n<\/span> <span class=\"OpDesc\">Is Selected<\/span> ","LeftOperand":"q:\/\/QID1\/SelectableChoice\/2","LogicType":"Question","Operator":"Selected","QuestionID":"QID1","QuestionIDFromLocator":"QID1","QuestionIsInLoop":"no","Type":"Expression"},"Type":"If"},"Type":"BooleanExpression","inPage":false}},"2":{"Display":"Coalici\u00f3n","DisplayLogic":{"0":{"0":{"ChoiceLocator":"q:\/\/QID1\/SelectableChoice\/1","Description":"<span class=\"ConjDesc\">If<\/span> <span class=\"QuestionDesc\">Si tuvieras que elegir un grupo pol\u00edtico con el que te identificas m\u00e1s, \u00bfCu\u00e1l de las siguientes d...<\/span> <span class=\"LeftOpDesc\">Frente Amplio<\/span> <span class=\"OpDesc\">Is Selected<\/span> ","LeftOperand":"q:\/\/QID1\/SelectableChoice\/1","LogicType":"Question","Operator":"Selected","QuestionID":"QID1","QuestionIDFromLocator":"QID1","QuestionIsInLoop":"no","Type":"Expression"},"Type":"If"},"Type":"BooleanExpression","inPage":false}}},"ChoiceOrder":[1,2],"Validation":{"Settings":{"ForceResponse":"OFF","Type":"None"}},"GradingData":[],"Language":[],"NextChoiceId":8,"NextAnswerId":3,"Labels":{"1":{"Display":"Nada probable"},"2":{"Display":"Muy probable"}},"QuestionID":"QID8","DataVisibility":{"Private":false,"Hidden":false},"Answers":{"1":{"Display":0},"2":{"Display":1},"3":{"Display":2},"4":{"Display":3},"5":{"Display":4},"6":{"Display":5},"7":{"Display":6},"8":{"Display":7},"9":{"Display":8},"10":{"Display":9},"11":{"Display":10}}}},{"SurveyID":"SV_0GJVRHZKQkRnz70","Element":"SQ","PrimaryAttribute":"QID10","SecondaryAttribute":"Imagina que puedes mudarte al lugar que desees vivir dentro de Uruguay. A la hora de decidir d\u00f3nd..","TertiaryAttribute":null,"Payload":{"QuestionText":"Imagina que puedes mudarte al lugar que desees vivir dentro de Uruguay. <br>A la hora de decidir d\u00f3nde vivir, \u00bfte parecer\u00eda importante, o no demasiado importante, cada uno de los siguientes aspectos?&nbsp;","DefaultChoices":false,"DataExportTag":"Q10","QuestionID":"QID10","QuestionType":"Slider","Selector":"HSLIDER","Configuration":{"QuestionDescriptionOption":"UseText","TextPosition":"inline","CSSliderMin":0,"CSSliderMax":10,"GridLines":10,"SnapToGrid":false,"NumDecimals":"0","ShowValue":true,"CustomStart":true,"NotApplicable":false,"MobileFirst":true,"SliderStartPositions":{"1":0.501199040767386083672363383811898529529571533203125,"2":0.501199040767386083672363383811898529529571533203125,"5":0.501199040767386083672363383811898529529571533203125,"6":0.501199040767386083672363383811898529529571533203125}},"QuestionDescription":"Imagina que puedes mudarte al lugar que desees vivir dentro de Uruguay. A la hora de decidir d\u00f3nd...","Choices":{"1":{"Display":"Estar cerca de la familia"},"2":{"Display":"Escuelas p\u00fablicas de calidad cercanas"},"5":{"Display":"Tener parques y lugares al aire libre cercanos"},"6":{"Display":"Tener cerca museos y teatros"}},"ChoiceOrder":["1","2","5","6"],"Validation":{"Settings":{"ForceResponse":"OFF","Type":"None"}},"GradingData":[],"Language":[],"NextChoiceId":7,"NextAnswerId":4,"Labels":{"1":{"Display":"Nada importante"},"3":{"Display":"Muy importante"}},"Randomization":{"Advanced":null,"Type":"All","TotalRandSubset":""}}},{"SurveyID":"SV_0GJVRHZKQkRnz70","Element":"SQ","PrimaryAttribute":"QID2","SecondaryAttribute":"Las personas del Frente Amplio y la Coalici\u00f3n no s\u00f3lo se diferencian en sus opiniones, sino tambi.","TertiaryAttribute":null,"Payload":{"QuestionText":"Las personas del Frente Amplio y la Coalici\u00f3n no s\u00f3lo se diferencian en sus opiniones, sino tambi\u00e9n en sus estilos de vida.<br>Al principio de la encuesta, mencionaste que te identificas en mayor medida con el Frente Amplio. <br>Tomate unos minutos para pensar en 2 cosas que te gusten especialmente de tu partido y&nbsp;2 cosas que te disgusten especialmente del otro partido y escribe esos pensamientos en el espacio de abajo.<br>","DefaultChoices":false,"DataExportTag":"Q2","QuestionType":"TE","Selector":"FORM","Configuration":{"QuestionDescriptionOption":"UseText"},"QuestionDescription":"Las personas del Frente Amplio y la Coalici\u00f3n no s\u00f3lo se diferencian en sus opiniones, sino tambi...","Validation":{"Settings":{"ForceResponse":"OFF"}},"GradingData":[],"Language":[],"NextChoiceId":4,"NextAnswerId":1,"SearchSource":{"AllowFreeResponse":"false"},"QuestionID":"QID2","DataVisibility":{"Private":false,"Hidden":false},"Choices":{"1":{"Display":"Aspectos que te gustan de tu partido"},"2":{"Display":"Aspectos que te disgustan del otro partido"}},"ChoiceOrder":[1,2],"DisplayLogic":{"0":{"0":{"ChoiceLocator":"q:\/\/QID1\/SelectableChoice\/1","Description":"<span class=\"ConjDesc\">If<\/span> <span class=\"QuestionDesc\">Si tuvieras que elegir un grupo pol\u00edtico con el que te identificas m\u00e1s, \u00bfCu\u00e1l de las siguientes dos opciones elegir\u00edas?&amp;nbsp;<\/span> <span class=\"LeftOpDesc\">Frente Amplio<\/span> <span class=\"OpDesc\">Is Selected<\/span> ","LeftOperand":"q:\/\/QID1\/SelectableChoice\/1","LogicType":"Question","Operator":"Selected","QuestionID":"QID1","QuestionIDFromLocator":"QID1","QuestionIsInLoop":"no","Type":"Expression"},"Type":"If"},"Type":"BooleanExpression","inPage":false}}},{"SurveyID":"SV_0GJVRHZKQkRnz70","Element":"SQ","PrimaryAttribute":"QID3","SecondaryAttribute":"Las personas del Frente Amplio y la Coalici\u00f3n no s\u00f3lo se diferencian en sus opiniones, sino tambi.","TertiaryAttribute":null,"Payload":{"QuestionText":"Las personas del Frente Amplio y la Coalici\u00f3n no s\u00f3lo se diferencian en sus opiniones, sino tambi\u00e9n en sus estilos de vida.\nAl principio de la encuesta, mencionaste que te identificas en mayor medida con el Frente Amplio.<br>Tomate unos minutos para pensar en 2 cosas que te disgusten especialmente del&nbsp;otro partido y escribe esos pensamientos en el espacio de abajo.","DefaultChoices":false,"DataExportTag":"Q3","QuestionType":"TE","Selector":"FORM","DataVisibility":{"Private":false,"Hidden":false},"Configuration":{"QuestionDescriptionOption":"UseText"},"QuestionDescription":"Las personas del Frente Amplio y la Coalici\u00f3n no s\u00f3lo se diferencian en sus opiniones, sino tambi...","Validation":{"Settings":{"ForceResponse":"OFF"}},"GradingData":[],"Language":[],"NextChoiceId":4,"NextAnswerId":1,"SearchSource":{"AllowFreeResponse":"false"},"QuestionID":"QID3","Choices":{"1":{"Display":"Aspecto 1"},"2":{"Display":"Aspecto 2"}},"ChoiceOrder":[1,2]}},{"SurveyID":"SV_0GJVRHZKQkRnz70","Element":"SQ","PrimaryAttribute":"QID4","SecondaryAttribute":"Las personas del Frente Amplio y la Coalici\u00f3n no s\u00f3lo se diferencian en sus opiniones, sino tambi.","TertiaryAttribute":null,"Payload":{"QuestionText":"Las personas del Frente Amplio y la Coalici\u00f3n no s\u00f3lo se diferencian en sus opiniones, sino tambi\u00e9n en sus estilos de vida.\nAl principio de la encuesta, mencionaste que te identificas en mayor medida con el Frente Amplio.<br>Tomate unos minutos para pensar en 2 cosas que te disgustan especialmente de tu partido y 2 cosas que te gustan especialmente del otro partido y escribe esos pensamientos en el espacio de abajo.","DefaultChoices":false,"QuestionType":"TE","Selector":"FORM","Configuration":{"QuestionDescriptionOption":"UseText"},"QuestionDescription":"Las personas del Frente Amplio y la Coalici\u00f3n no s\u00f3lo se diferencian en sus opiniones, sino tambi...","Validation":{"Settings":{"ForceResponse":"OFF"}},"GradingData":[],"Language":[],"NextChoiceId":4,"NextAnswerId":1,"SearchSource":{"AllowFreeResponse":"false"},"QuestionText_Unsafe":"Menciona 3 aspectos positivos de las personas del Frente Amplio","DataExportTag":"Q4","QuestionID":"QID4","DataVisibility":{"Private":false,"Hidden":false},"Choices":{"1":{"Display":"Aspectos que te disgustan de tu partido"},"2":{"Display":"Aspectos que te gustan del otro partido"}},"ChoiceOrder":[1,2],"DisplayLogic":{"0":{"0":{"ChoiceLocator":"q:\/\/QID1\/SelectableChoice\/1","Description":"<span class=\"ConjDesc\">If<\/span> <span class=\"QuestionDesc\">Si tuvieras que elegir un grupo pol\u00edtico con el que te identificas m\u00e1s, \u00bfCu\u00e1l de las siguientes dos opciones elegir\u00edas?&amp;nbsp;<\/span> <span class=\"LeftOpDesc\">Frente Amplio<\/span> <span class=\"OpDesc\">Is Selected<\/span> ","LeftOperand":"q:\/\/QID1\/SelectableChoice\/1","LogicType":"Question","Operator":"Selected","QuestionID":"QID1","QuestionIDFromLocator":"QID1","QuestionIsInLoop":"no","Type":"Expression"},"Type":"If"},"Type":"BooleanExpression","inPage":false}}},{"SurveyID":"SV_0GJVRHZKQkRnz70","Element":"SQ","PrimaryAttribute":"QID5","SecondaryAttribute":"Las personas del Frente Amplio y la Coalici\u00f3n no s\u00f3lo se diferencian en sus opiniones, sino tambi.","TertiaryAttribute":null,"Payload":{"QuestionText":"Las personas del Frente Amplio y la Coalici\u00f3n no s\u00f3lo se diferencian en sus opiniones, sino tambi\u00e9n en sus estilos de vida. Al principio de la encuesta, mencionaste que te identificas en mayor medida con la Coalici\u00f3n.\nTomate unos minutos para pensar en 2 cosas que te disgusten especialmente del otro partido y escribe esos pensamientos en el espacio de abajo.","DefaultChoices":false,"QuestionType":"TE","Selector":"FORM","DataVisibility":{"Private":false,"Hidden":false},"Configuration":{"QuestionDescriptionOption":"UseText"},"QuestionDescription":"Las personas del Frente Amplio y la Coalici\u00f3n no s\u00f3lo se diferencian en sus opiniones, sino tambi...","Validation":{"Settings":{"ForceResponse":"OFF"}},"GradingData":[],"Language":[],"NextChoiceId":4,"NextAnswerId":1,"SearchSource":{"AllowFreeResponse":"false"},"QuestionText_Unsafe":"Menciona 3 aspectos negativos de las personas del Frente Amplio","DataExportTag":"Q5","QuestionID":"QID5","Choices":{"1":{"Display":"Aspecto 1"},"2":{"Display":"Aspecto 2"}},"ChoiceOrder":[1,2]}},{"SurveyID":"SV_0GJVRHZKQkRnz70","Element":"SQ","PrimaryAttribute":"QID11","SecondaryAttribute":"Las personas del Frente Amplio y la Coalici\u00f3n no s\u00f3lo se diferencian en sus opiniones, sino tambi.","TertiaryAttribute":null,"Payload":{"QuestionText":"Las personas del Frente Amplio y la Coalici\u00f3n no s\u00f3lo se diferencian en sus opiniones, sino tambi\u00e9n en sus estilos de vida.<br>Al principio de la encuesta, mencionaste que te identificas en mayor medida con la Coalici\u00f3n. <br>Tomate unos minutos para pensar en 2 cosas que te gusten especialmente de tu partido y&nbsp;2 cosas que te disgusten especialmente del otro partido y escribe esos pensamientos en el espacio de abajo.<br>","DefaultChoices":false,"DataExportTag":"Q3","QuestionType":"TE","Selector":"FORM","DataVisibility":{"Private":false,"Hidden":false},"Configuration":{"QuestionDescriptionOption":"UseText"},"QuestionDescription":"Las personas del Frente Amplio y la Coalici\u00f3n no s\u00f3lo se diferencian en sus opiniones, sino tambi...","Choices":{"1":{"Display":"Aspectos que te gustan de tu partido"},"2":{"Display":"Aspectos que te disgustan del otro partido"}},"ChoiceOrder":[1,2],"Validation":{"Settings":{"ForceResponse":"OFF"}},"GradingData":[],"Language":[],"NextChoiceId":4,"NextAnswerId":1,"SearchSource":{"AllowFreeResponse":"false"},"QuestionID":"QID11","DisplayLogic":{"0":{"0":{"ChoiceLocator":"q:\/\/QID1\/SelectableChoice\/2","Description":"<span class=\"ConjDesc\">If<\/span> <span class=\"QuestionDesc\">Si tuvieras que elegir un grupo pol\u00edtico con el que te identificas m\u00e1s, \u00bfCu\u00e1l de las siguientes dos opciones elegir\u00edas?&amp;nbsp;<\/span> <span class=\"LeftOpDesc\">Coalici\u00f3n<\/span> <span class=\"OpDesc\">Is Selected<\/span> ","LeftOperand":"q:\/\/QID1\/SelectableChoice\/2","LogicType":"Question","Operator":"Selected","QuestionID":"QID1","QuestionIDFromLocator":"QID1","QuestionIsInLoop":"no","Type":"Expression"},"Type":"If"},"Type":"BooleanExpression","inPage":false}}},{"SurveyID":"SV_0GJVRHZKQkRnz70","Element":"SQ","PrimaryAttribute":"QID12","SecondaryAttribute":"Las personas del Frente Amplio y la Coalici\u00f3n no s\u00f3lo se diferencian en sus opiniones, sino tambi.","TertiaryAttribute":null,"Payload":{"QuestionText":"Las personas del Frente Amplio y la Coalici\u00f3n no s\u00f3lo se diferencian en sus opiniones, sino tambi\u00e9n en sus estilos de vida.\nAl principio de la encuesta, mencionaste que te identificas en mayor medida con la Coalici\u00f3n.<br>Tomate unos minutos para pensar en 2 cosas que te disgustan especialmente de tu partido y 2 cosas que te gustan especialmente del otro partido y escribe esos pensamientos en el espacio de abajo.","DefaultChoices":false,"DataExportTag":"Q5","QuestionType":"TE","Selector":"FORM","DataVisibility":{"Private":false,"Hidden":false},"Configuration":{"QuestionDescriptionOption":"UseText"},"QuestionDescription":"Las personas del Frente Amplio y la Coalici\u00f3n no s\u00f3lo se diferencian en sus opiniones, sino tambi...","Choices":{"1":{"Display":"Aspectos que te disgustan de tu partido"},"2":{"Display":"Aspectos que te gustan del otro partido"}},"ChoiceOrder":[1,2],"Validation":{"Settings":{"ForceResponse":"OFF"}},"GradingData":[],"Language":[],"NextChoiceId":4,"NextAnswerId":1,"SearchSource":{"AllowFreeResponse":"false"},"QuestionID":"QID12","DisplayLogic":{"0":{"0":{"ChoiceLocator":"q:\/\/QID1\/SelectableChoice\/2","Description":"<span class=\"ConjDesc\">If<\/span> <span class=\"QuestionDesc\">Si tuvieras que elegir un grupo pol\u00edtico con el que te identificas m\u00e1s, \u00bfCu\u00e1l de las siguientes dos opciones elegir\u00edas?&amp;nbsp;<\/span> <span class=\"LeftOpDesc\">Coalici\u00f3n<\/span> <span class=\"OpDesc\">Is Selected<\/span> ","LeftOperand":"q:\/\/QID1\/SelectableChoice\/2","LogicType":"Question","Operator":"Selected","QuestionID":"QID1","QuestionIDFromLocator":"QID1","QuestionIsInLoop":"no","Type":"Expression"},"Type":"If"},"Type":"BooleanExpression","inPage":false}}},{"SurveyID":"SV_0GJVRHZKQkRnz70","Element":"SQ","PrimaryAttribute":"QID14","SecondaryAttribute":"Las personas del Frente Amplio y la Coalici\u00f3n no s\u00f3lo se diferencian en sus opiniones, sino tambi.","TertiaryAttribute":null,"Payload":{"QuestionText":"Las personas del Frente Amplio y la Coalici\u00f3n no s\u00f3lo se diferencian en sus opiniones, sino tambi\u00e9n en sus estilos de vida.\nAl principio de la encuesta, mencionaste que te identificas en mayor medida con la Coalici\u00f3n.<br>Tomate unos minutos para pensar en 2 cosas que te disgustan especialmente de tu partido y 2 cosas que te gustan especialmente del otro partido y escribe esos pensamientos en el espacio de abajo.","DefaultChoices":false,"QuestionType":"TE","Selector":"FORM","DataVisibility":{"Private":false,"Hidden":false},"Configuration":{"QuestionDescriptionOption":"UseText"},"QuestionDescription":"Las personas del Frente Amplio y la Coalici\u00f3n no s\u00f3lo se diferencian en sus opiniones, sino tambi...","Choices":{"1":{"Display":"Aspectos que te disgustan de tu partido"},"2":{"Display":"Aspectos que te gustan del otro partido"}},"ChoiceOrder":[1,2],"Validation":{"Settings":{"ForceResponse":"OFF"}},"GradingData":[],"Language":[],"NextChoiceId":4,"NextAnswerId":1,"SearchSource":{"AllowFreeResponse":"false"},"DisplayLogic":{"0":{"0":{"LogicType":"Question","QuestionID":"QID1","QuestionIsInLoop":"no","ChoiceLocator":"q:\/\/QID1\/SelectableChoice\/2","Operator":"Selected","QuestionIDFromLocator":"QID1","LeftOperand":"q:\/\/QID1\/SelectableChoice\/2","Type":"Expression","Description":"<span class=\"ConjDesc\">If<\/span> <span class=\"QuestionDesc\">Si tuvieras que elegir un grupo pol\u00edtico con el que te identificas m\u00e1s, \u00bfCu\u00e1l de las siguientes d...<\/span> <span class=\"LeftOpDesc\">Coalici\u00f3n<\/span> <span class=\"OpDesc\">Is Selected<\/span> "},"Type":"If"},"Type":"BooleanExpression","inPage":false},"QuestionText_Unsafe":"Las personas del Frente Amplio y la Coalici\u00f3n no s\u00f3lo se diferencian en sus opiniones, sino tambi\u00e9n en sus estilos de vida.\nAl principio de la encuesta, mencionaste que te identificas en mayor medida con la Coalici\u00f3n.<br>Tomate unos minutos para pensar en 2 cosas que te disgustan especialmente de tu partido y 2 cosas que te gustan especialmente del otro partido y escribe esos pensamientos en el espacio de abajo.","DataExportTag":"Q14","QuestionID":"QID14"}},{"SurveyID":"SV_0GJVRHZKQkRnz70","Element":"SQ","PrimaryAttribute":"QID13","SecondaryAttribute":"Piensa en el equipo de futbol del que eres hincha.\u00a0 Tomate unos minutos para pensar en 2 cosas qu..","TertiaryAttribute":null,"Payload":{"QuestionText":"Piensa en el equipo de futbol del que eres hincha.&nbsp;<br>Tomate unos minutos para pensar en 2 cosas que te gustan de tu equipo y 2 cosas que te disgustan. Escribe esos pensamientos en el espacio de abajo.","DefaultChoices":false,"QuestionType":"TE","Selector":"FORM","Configuration":{"QuestionDescriptionOption":"UseText"},"QuestionDescription":"Piensa en el equipo de futbol del que eres hincha.\u00a0 Tomate unos minutos para pensar en 2 cosas qu...","Validation":{"Settings":{"ForceResponse":"OFF"}},"GradingData":[],"Language":[],"NextChoiceId":4,"NextAnswerId":1,"SearchSource":{"AllowFreeResponse":"false"},"QuestionText_Unsafe":"Las personas del Frente Amplio y la Coalici\u00f3n no s\u00f3lo se diferencian en sus opiniones, sino tambi\u00e9n en sus estilos de vida.\nAl principio de la encuesta, mencionaste que te identificas en mayor medida con el Frente Amplio.<br>Tomate unos minutos para pensar en 2 cosas que te disgustan especialmente de tu partido y 2 cosas que te gustan especialmente del otro partido y escribe esos pensamientos en el espacio de abajo.","DataVisibility":{"Private":false,"Hidden":false},"Choices":{"1":{"Display":"Aspectos que te gustan de tu equipo"},"2":{"Display":"Aspectos que te disgustan de tu equipo"}},"ChoiceOrder":[1,2],"DataExportTag":"Q13","QuestionID":"QID13"}},{"SurveyID":"SV_0GJVRHZKQkRnz70","Element":"SQ","PrimaryAttribute":"QID1","SecondaryAttribute":"Si tuvieras que elegir un grupo pol\u00edtico con el que te identificas m\u00e1s, \u00bfCu\u00e1l de las siguientes ","TertiaryAttribute":null,"Payload":{"QuestionText":"Si tuvieras que elegir un grupo pol\u00edtico con el que te identificas m\u00e1s, \u00bfCu\u00e1l de las siguientes dos opciones elegir\u00edas?&nbsp;","DataExportTag":"Q1","QuestionType":"MC","Selector":"SAVR","SubSelector":"TX","Configuration":{"QuestionDescriptionOption":"UseText"},"QuestionDescription":"Si tuvieras que elegir un grupo pol\u00edtico con el que te identificas m\u00e1s, \u00bfCu\u00e1l de las siguientes d...","Choices":{"1":{"Display":"Frente Amplio"},"2":{"Display":"Coalici\u00f3n"}},"ChoiceOrder":[1,2],"Validation":{"Settings":{"ForceResponse":"ON","ForceResponseType":"ON","Type":"None"}},"Language":[],"NextChoiceId":3,"NextAnswerId":1,"QuestionID":"QID1","DataVisibility":{"Private":false,"Hidden":false},"Randomization":{"Advanced":null,"TotalRandSubset":"","Type":"All"}}}]}